
Microsoft Visual Studio Solution File, Format Version 12.00
# Visual Studio 15
VisualStudioVersion = 15.0.28307.106
MinimumVisualStudioVersion = 10.0.40219.1
Project("{FAE04EC0-301F-11D3-BF4B-00C04F79EFBC}") = "TradingSim", "TradingSim\TradingSim.csproj", "{6E4D358C-34D5-4607-B415-CFB5CC4C6BAE}"
EndProject
Global
	GlobalSection(SolutionConfigurationPlatforms) = preSolution
		Debug|Any CPU = Debug|Any CPU
		Release|Any CPU = Release|Any CPU
	EndGlobalSection
	GlobalSection(ProjectConfigurationPlatforms) = postSolution
		{6E4D358C-34D5-4607-B415-CFB5CC4C6BAE}.Debug|Any CPU.ActiveCfg = Debug|Any CPU
		{6E4D358C-34D5-4607-B415-CFB5CC4C6BAE}.Debug|Any CPU.Build.0 = Debug|Any CPU
		{6E4D358C-34D5-4607-B415-CFB5CC4C6BAE}.Release|Any CPU.ActiveCfg = Release|Any CPU
		{6E4D358C-34D5-4607-B415-CFB5CC4C6BAE}.Release|Any CPU.Build.0 = Release|Any CPU
	EndGlobalSection
	GlobalSection(SolutionProperties) = preSolution
		HideSolutionNode = FALSE
	EndGlobalSection
	GlobalSection(ExtensibilityGlobals) = postSolution
		SolutionGuid = {FF2D6BEC-B8DD-43A2-9145-A5932A7DA55F}
	EndGlobalSection
EndGlobal
